
Microsoft Visual Studio Solution File, Format Version 12.00
# Visual Studio Version 17
VisualStudioVersion = 17.14.36616.10 d17.14
MinimumVisualStudioVersion = 10.0.40219.1
Project("{FAE04EC0-301F-11D3-BF4B-00C04F79EFBC}") = "Assingment_nov25", "Assingment_nov25\Assingment_nov25.csproj", "{43658619-3FDB-4EEE-8734-61EC28686300}"
EndProject
Global
	GlobalSection(SolutionConfigurationPlatforms) = preSolution
		Debug|Any CPU = Debug|Any CPU
		Release|Any CPU = Release|Any CPU
	EndGlobalSection
	GlobalSection(ProjectConfigurationPlatforms) = postSolution
		{43658619-3FDB-4EEE-8734-61EC28686300}.Debug|Any CPU.ActiveCfg = Debug|Any CPU
		{43658619-3FDB-4EEE-8734-61EC28686300}.Debug|Any CPU.Build.0 = Debug|Any CPU
		{43658619-3FDB-4EEE-8734-61EC28686300}.Release|Any CPU.ActiveCfg = Release|Any CPU
		{43658619-3FDB-4EEE-8734-61EC28686300}.Release|Any CPU.Build.0 = Release|Any CPU
	EndGlobalSection
	GlobalSection(SolutionProperties) = preSolution
		HideSolutionNode = FALSE
	EndGlobalSection
	GlobalSection(ExtensibilityGlobals) = postSolution
		SolutionGuid = {A4BA80C3-2DE6-4C21-96C5-25A4B65EEA5A}
	EndGlobalSection
EndGlobal
